// !$*UTF8*$!
{
	archiveVersion = 1;
	classes = {
	};
	objectVersion = 46;
	objects = {

/* Begin PBXBuildFile section */
		AA1101FF21F32120005C67CF /* main.cpp in Sources */ = {isa = PBXBuildFile; fileRef = AA1101FE21F32120005C67CF /* main.cpp */; };
		AA11020821F3261F005C67CF /* Program.cpp in Sources */ = {isa = PBXBuildFile; fileRef = AA11020721F3261F005C67CF /* Program.cpp */; };
		AA11020C21F327F4005C67CF /* Data.cpp in Sources */ = {isa = PBXBuildFile; fileRef = AA11020A21F327F4005C67CF /* Data.cpp */; };
		AA28C097220738F900F7EC25 /* main.cpp in Sources */ = {isa = PBXBuildFile; fileRef = AA28C096220738F900F7EC25 /* main.cpp */; };
		AA28C09D2207398C00F7EC25 /* ExhaustiveSearchTests.cpp in Sources */ = {isa = PBXBuildFile; fileRef = AA28C09C2207398C00F7EC25 /* ExhaustiveSearchTests.cpp */; };
		AA28C09E22073A0600F7EC25 /* ProgressTracker.cpp in Sources */ = {isa = PBXBuildFile; fileRef = AA90A5852200EB9D00242D3D /* ProgressTracker.cpp */; };
		AA28C09F22073A0C00F7EC25 /* ExhaustiveSearcher.cpp in Sources */ = {isa = PBXBuildFile; fileRef = AA90A5822200E73400242D3D /* ExhaustiveSearcher.cpp */; };
		AA28C0A022073A0F00F7EC25 /* Data.cpp in Sources */ = {isa = PBXBuildFile; fileRef = AA11020A21F327F4005C67CF /* Data.cpp */; };
		AA28C0A122073A1500F7EC25 /* Program.cpp in Sources */ = {isa = PBXBuildFile; fileRef = AA11020721F3261F005C67CF /* Program.cpp */; };
		AA28C0A222073A1A00F7EC25 /* Utils.cpp in Sources */ = {isa = PBXBuildFile; fileRef = AA90A5882201052900242D3D /* Utils.cpp */; };
		AA28C0A422073D2A00F7EC25 /* SweepHangTests.cpp in Sources */ = {isa = PBXBuildFile; fileRef = AA28C0A322073D2A00F7EC25 /* SweepHangTests.cpp */; };
		AA28C0A62207428A00F7EC25 /* CompletionTests.cpp in Sources */ = {isa = PBXBuildFile; fileRef = AA28C0A52207428A00F7EC25 /* CompletionTests.cpp */; };
		AA28C0A8220B84BD00F7EC25 /* PeriodDetectionTests.cpp in Sources */ = {isa = PBXBuildFile; fileRef = AA28C0A7220B84BD00F7EC25 /* PeriodDetectionTests.cpp */; };
		AA28C0AB220CBC3700F7EC25 /* CycleDetector.cpp in Sources */ = {isa = PBXBuildFile; fileRef = AA28C0A9220CBC3700F7EC25 /* CycleDetector.cpp */; };
		AA28C0AC220CC2A000F7EC25 /* CycleDetector.cpp in Sources */ = {isa = PBXBuildFile; fileRef = AA28C0A9220CBC3700F7EC25 /* CycleDetector.cpp */; };
		AA28C0AF220CCE2A00F7EC25 /* DataTracker.cpp in Sources */ = {isa = PBXBuildFile; fileRef = AA28C0AD220CCE2A00F7EC25 /* DataTracker.cpp */; };
		AA28C0B0220CCE2A00F7EC25 /* DataTracker.cpp in Sources */ = {isa = PBXBuildFile; fileRef = AA28C0AD220CCE2A00F7EC25 /* DataTracker.cpp */; };
		AA4F44EC2234079E0069FF36 /* PeriodicHangDetector.cpp in Sources */ = {isa = PBXBuildFile; fileRef = AA4F44EA2234079E0069FF36 /* PeriodicHangDetector.cpp */; };
		AA4F44ED2234079E0069FF36 /* PeriodicHangDetector.cpp in Sources */ = {isa = PBXBuildFile; fileRef = AA4F44EA2234079E0069FF36 /* PeriodicHangDetector.cpp */; };
		AA4F44F02234262A0069FF36 /* RegularSweepHangDetector.cpp in Sources */ = {isa = PBXBuildFile; fileRef = AA4F44EE2234262A0069FF36 /* RegularSweepHangDetector.cpp */; };
		AA4F44F12234262A0069FF36 /* RegularSweepHangDetector.cpp in Sources */ = {isa = PBXBuildFile; fileRef = AA4F44EE2234262A0069FF36 /* RegularSweepHangDetector.cpp */; };
		AA4F44F42235068E0069FF36 /* SweepHangDetector.cpp in Sources */ = {isa = PBXBuildFile; fileRef = AA4F44F22235068E0069FF36 /* SweepHangDetector.cpp */; };
		AA4F44F52235068E0069FF36 /* SweepHangDetector.cpp in Sources */ = {isa = PBXBuildFile; fileRef = AA4F44F22235068E0069FF36 /* SweepHangDetector.cpp */; };
		AA4F44F82236FA090069FF36 /* DeltaTracker.cpp in Sources */ = {isa = PBXBuildFile; fileRef = AA4F44F62236FA090069FF36 /* DeltaTracker.cpp */; };
		AA4F44F92236FA090069FF36 /* DeltaTracker.cpp in Sources */ = {isa = PBXBuildFile; fileRef = AA4F44F62236FA090069FF36 /* DeltaTracker.cpp */; };
		AA4F44FF223E57A10069FF36 /* NoExitHangTests.cpp in Sources */ = {isa = PBXBuildFile; fileRef = AA4F44FE223E57A10069FF36 /* NoExitHangTests.cpp */; };
		AA4F4501223E76BB0069FF36 /* FailingHangTests.cpp in Sources */ = {isa = PBXBuildFile; fileRef = AA4F4500223E76BB0069FF36 /* FailingHangTests.cpp */; };
		AA4F4503223E77350069FF36 /* PeriodicHangTests.cpp in Sources */ = {isa = PBXBuildFile; fileRef = AA4F4502223E77350069FF36 /* PeriodicHangTests.cpp */; };
		AA4F4507224967A00069FF36 /* ProgramBlock.cpp in Sources */ = {isa = PBXBuildFile; fileRef = AA4F4505224967A00069FF36 /* ProgramBlock.cpp */; };
		AA4F4508224967A00069FF36 /* ProgramBlock.cpp in Sources */ = {isa = PBXBuildFile; fileRef = AA4F4505224967A00069FF36 /* ProgramBlock.cpp */; };
		AA4F450B224ABF320069FF36 /* CompiledProgram.cpp in Sources */ = {isa = PBXBuildFile; fileRef = AA4F4509224ABF320069FF36 /* CompiledProgram.cpp */; };
		AA4F450C224ABF320069FF36 /* CompiledProgram.cpp in Sources */ = {isa = PBXBuildFile; fileRef = AA4F4509224ABF320069FF36 /* CompiledProgram.cpp */; };
		AA4F450F224EB8EE0069FF36 /* ExitFinder.cpp in Sources */ = {isa = PBXBuildFile; fileRef = AA4F450D224EB8EE0069FF36 /* ExitFinder.cpp */; };
		AA4F4510224EB8EE0069FF36 /* ExitFinder.cpp in Sources */ = {isa = PBXBuildFile; fileRef = AA4F450D224EB8EE0069FF36 /* ExitFinder.cpp */; };
		AA4F45132259E88B0069FF36 /* RunSummary.cpp in Sources */ = {isa = PBXBuildFile; fileRef = AA4F45112259E88B0069FF36 /* RunSummary.cpp */; };
		AA4F45142259E88B0069FF36 /* RunSummary.cpp in Sources */ = {isa = PBXBuildFile; fileRef = AA4F45112259E88B0069FF36 /* RunSummary.cpp */; };
		AA90A5842200E73400242D3D /* ExhaustiveSearcher.cpp in Sources */ = {isa = PBXBuildFile; fileRef = AA90A5822200E73400242D3D /* ExhaustiveSearcher.cpp */; };
		AA90A5872200EB9D00242D3D /* ProgressTracker.cpp in Sources */ = {isa = PBXBuildFile; fileRef = AA90A5852200EB9D00242D3D /* ProgressTracker.cpp */; };
		AA90A58A2201052900242D3D /* Utils.cpp in Sources */ = {isa = PBXBuildFile; fileRef = AA90A5882201052900242D3D /* Utils.cpp */; };
		AAD5C50E2211F7140057EDBC /* SearchOrchestrator.cpp in Sources */ = {isa = PBXBuildFile; fileRef = AAD5C50C2211F7140057EDBC /* SearchOrchestrator.cpp */; };
		AAD5C50F2211F7140057EDBC /* SearchOrchestrator.cpp in Sources */ = {isa = PBXBuildFile; fileRef = AAD5C50C2211F7140057EDBC /* SearchOrchestrator.cpp */; };
		AAD5C511221200810057EDBC /* OrchestratedSearchTests.cpp in Sources */ = {isa = PBXBuildFile; fileRef = AAD5C510221200810057EDBC /* OrchestratedSearchTests.cpp */; };
/* End PBXBuildFile section */

/* Begin PBXCopyFilesBuildPhase section */
		AA1101F921F32120005C67CF /* CopyFiles */ = {
			isa = PBXCopyFilesBuildPhase;
			buildActionMask = 2147483647;
			dstPath = /usr/share/man/man1/;
			dstSubfolderSpec = 0;
			files = (
			);
			runOnlyForDeploymentPostprocessing = 1;
		};
		AA28C092220738F800F7EC25 /* CopyFiles */ = {
			isa = PBXCopyFilesBuildPhase;
			buildActionMask = 2147483647;
			dstPath = /usr/share/man/man1/;
			dstSubfolderSpec = 0;
			files = (
			);
			runOnlyForDeploymentPostprocessing = 1;
		};
/* End PBXCopyFilesBuildPhase section */

/* Begin PBXFileReference section */
		AA1101FB21F32120005C67CF /* BusyBeaverFinder */ = {isa = PBXFileReference; explicitFileType = "compiled.mach-o.executable"; includeInIndex = 0; path = BusyBeaverFinder; sourceTree = BUILT_PRODUCTS_DIR; };
		AA1101FE21F32120005C67CF /* main.cpp */ = {isa = PBXFileReference; lastKnownFileType = sourcecode.cpp.cpp; path = main.cpp; sourceTree = "<group>"; };
		AA11020521F32538005C67CF /* Types.h */ = {isa = PBXFileReference; lastKnownFileType = sourcecode.c.h; path = Types.h; sourceTree = "<group>"; };
		AA11020621F3258D005C67CF /* Program.h */ = {isa = PBXFileReference; lastKnownFileType = sourcecode.c.h; path = Program.h; sourceTree = "<group>"; };
		AA11020721F3261F005C67CF /* Program.cpp */ = {isa = PBXFileReference; fileEncoding = 4; lastKnownFileType = sourcecode.cpp.cpp; path = Program.cpp; sourceTree = "<group>"; };
		AA11020921F32671005C67CF /* Consts.h */ = {isa = PBXFileReference; lastKnownFileType = sourcecode.c.h; path = Consts.h; sourceTree = "<group>"; };
		AA11020A21F327F4005C67CF /* Data.cpp */ = {isa = PBXFileReference; fileEncoding = 4; lastKnownFileType = sourcecode.cpp.cpp; path = Data.cpp; sourceTree = "<group>"; };
		AA11020B21F327F4005C67CF /* Data.h */ = {isa = PBXFileReference; fileEncoding = 4; lastKnownFileType = sourcecode.c.h; path = Data.h; sourceTree = "<group>"; };
		AA11020D21F4D35C005C67CF /* cxxopts.hpp */ = {isa = PBXFileReference; fileEncoding = 4; lastKnownFileType = sourcecode.cpp.h; path = cxxopts.hpp; sourceTree = "<group>"; };
		AA28C094220738F800F7EC25 /* Tests */ = {isa = PBXFileReference; explicitFileType = "compiled.mach-o.executable"; includeInIndex = 0; path = Tests; sourceTree = BUILT_PRODUCTS_DIR; };
		AA28C096220738F900F7EC25 /* main.cpp */ = {isa = PBXFileReference; lastKnownFileType = sourcecode.cpp.cpp; path = main.cpp; sourceTree = "<group>"; };
		AA28C09B2207393400F7EC25 /* catch.hpp */ = {isa = PBXFileReference; fileEncoding = 4; lastKnownFileType = sourcecode.cpp.h; path = catch.hpp; sourceTree = "<group>"; };
		AA28C09C2207398C00F7EC25 /* ExhaustiveSearchTests.cpp */ = {isa = PBXFileReference; fileEncoding = 4; lastKnownFileType = sourcecode.cpp.cpp; path = ExhaustiveSearchTests.cpp; sourceTree = "<group>"; };
		AA28C0A322073D2A00F7EC25 /* SweepHangTests.cpp */ = {isa = PBXFileReference; fileEncoding = 4; lastKnownFileType = sourcecode.cpp.cpp; path = SweepHangTests.cpp; sourceTree = "<group>"; };
		AA28C0A52207428A00F7EC25 /* CompletionTests.cpp */ = {isa = PBXFileReference; fileEncoding = 4; lastKnownFileType = sourcecode.cpp.cpp; path = CompletionTests.cpp; sourceTree = "<group>"; };
		AA28C0A7220B84BD00F7EC25 /* PeriodDetectionTests.cpp */ = {isa = PBXFileReference; fileEncoding = 4; lastKnownFileType = sourcecode.cpp.cpp; path = PeriodDetectionTests.cpp; sourceTree = "<group>"; };
		AA28C0A9220CBC3700F7EC25 /* CycleDetector.cpp */ = {isa = PBXFileReference; fileEncoding = 4; lastKnownFileType = sourcecode.cpp.cpp; path = CycleDetector.cpp; sourceTree = "<group>"; };
		AA28C0AA220CBC3700F7EC25 /* CycleDetector.h */ = {isa = PBXFileReference; fileEncoding = 4; lastKnownFileType = sourcecode.c.h; path = CycleDetector.h; sourceTree = "<group>"; };
		AA28C0AD220CCE2A00F7EC25 /* DataTracker.cpp */ = {isa = PBXFileReference; fileEncoding = 4; lastKnownFileType = sourcecode.cpp.cpp; path = DataTracker.cpp; sourceTree = "<group>"; };
		AA28C0AE220CCE2A00F7EC25 /* DataTracker.h */ = {isa = PBXFileReference; fileEncoding = 4; lastKnownFileType = sourcecode.c.h; path = DataTracker.h; sourceTree = "<group>"; };
		AA4F44E9223406030069FF36 /* HangDetector.h */ = {isa = PBXFileReference; lastKnownFileType = sourcecode.c.h; path = HangDetector.h; sourceTree = "<group>"; };
		AA4F44EA2234079E0069FF36 /* PeriodicHangDetector.cpp */ = {isa = PBXFileReference; fileEncoding = 4; lastKnownFileType = sourcecode.cpp.cpp; path = PeriodicHangDetector.cpp; sourceTree = "<group>"; };
		AA4F44EB2234079E0069FF36 /* PeriodicHangDetector.h */ = {isa = PBXFileReference; fileEncoding = 4; lastKnownFileType = sourcecode.c.h; path = PeriodicHangDetector.h; sourceTree = "<group>"; };
		AA4F44EE2234262A0069FF36 /* RegularSweepHangDetector.cpp */ = {isa = PBXFileReference; fileEncoding = 4; lastKnownFileType = sourcecode.cpp.cpp; path = RegularSweepHangDetector.cpp; sourceTree = "<group>"; };
		AA4F44EF2234262A0069FF36 /* RegularSweepHangDetector.h */ = {isa = PBXFileReference; fileEncoding = 4; lastKnownFileType = sourcecode.c.h; path = RegularSweepHangDetector.h; sourceTree = "<group>"; };
		AA4F44F22235068E0069FF36 /* SweepHangDetector.cpp */ = {isa = PBXFileReference; fileEncoding = 4; lastKnownFileType = sourcecode.cpp.cpp; path = SweepHangDetector.cpp; sourceTree = "<group>"; };
		AA4F44F32235068E0069FF36 /* SweepHangDetector.h */ = {isa = PBXFileReference; fileEncoding = 4; lastKnownFileType = sourcecode.c.h; path = SweepHangDetector.h; sourceTree = "<group>"; };
		AA4F44F62236FA090069FF36 /* DeltaTracker.cpp */ = {isa = PBXFileReference; fileEncoding = 4; lastKnownFileType = sourcecode.cpp.cpp; path = DeltaTracker.cpp; sourceTree = "<group>"; };
		AA4F44F72236FA090069FF36 /* DeltaTracker.h */ = {isa = PBXFileReference; fileEncoding = 4; lastKnownFileType = sourcecode.c.h; path = DeltaTracker.h; sourceTree = "<group>"; };
		AA4F44FE223E57A10069FF36 /* NoExitHangTests.cpp */ = {isa = PBXFileReference; fileEncoding = 4; lastKnownFileType = sourcecode.cpp.cpp; path = NoExitHangTests.cpp; sourceTree = "<group>"; };
		AA4F4500223E76BB0069FF36 /* FailingHangTests.cpp */ = {isa = PBXFileReference; fileEncoding = 4; lastKnownFileType = sourcecode.cpp.cpp; path = FailingHangTests.cpp; sourceTree = "<group>"; };
		AA4F4502223E77350069FF36 /* PeriodicHangTests.cpp */ = {isa = PBXFileReference; fileEncoding = 4; lastKnownFileType = sourcecode.cpp.cpp; path = PeriodicHangTests.cpp; sourceTree = "<group>"; };
		AA4F4505224967A00069FF36 /* ProgramBlock.cpp */ = {isa = PBXFileReference; fileEncoding = 4; lastKnownFileType = sourcecode.cpp.cpp; path = ProgramBlock.cpp; sourceTree = "<group>"; };
		AA4F4506224967A00069FF36 /* ProgramBlock.h */ = {isa = PBXFileReference; fileEncoding = 4; lastKnownFileType = sourcecode.c.h; path = ProgramBlock.h; sourceTree = "<group>"; };
		AA4F4509224ABF320069FF36 /* CompiledProgram.cpp */ = {isa = PBXFileReference; fileEncoding = 4; lastKnownFileType = sourcecode.cpp.cpp; path = CompiledProgram.cpp; sourceTree = "<group>"; };
		AA4F450A224ABF320069FF36 /* CompiledProgram.h */ = {isa = PBXFileReference; fileEncoding = 4; lastKnownFileType = sourcecode.c.h; path = CompiledProgram.h; sourceTree = "<group>"; };
		AA4F450D224EB8EE0069FF36 /* ExitFinder.cpp */ = {isa = PBXFileReference; fileEncoding = 4; lastKnownFileType = sourcecode.cpp.cpp; path = ExitFinder.cpp; sourceTree = "<group>"; };
		AA4F450E224EB8EE0069FF36 /* ExitFinder.h */ = {isa = PBXFileReference; fileEncoding = 4; lastKnownFileType = sourcecode.c.h; path = ExitFinder.h; sourceTree = "<group>"; };
		AA4F45112259E88B0069FF36 /* RunSummary.cpp */ = {isa = PBXFileReference; fileEncoding = 4; lastKnownFileType = sourcecode.cpp.cpp; path = RunSummary.cpp; sourceTree = "<group>"; };
		AA4F45122259E88B0069FF36 /* RunSummary.h */ = {isa = PBXFileReference; fileEncoding = 4; lastKnownFileType = sourcecode.c.h; path = RunSummary.h; sourceTree = "<group>"; };
		AA90A5822200E73400242D3D /* ExhaustiveSearcher.cpp */ = {isa = PBXFileReference; fileEncoding = 4; lastKnownFileType = sourcecode.cpp.cpp; path = ExhaustiveSearcher.cpp; sourceTree = "<group>"; };
		AA90A5832200E73400242D3D /* ExhaustiveSearcher.h */ = {isa = PBXFileReference; fileEncoding = 4; lastKnownFileType = sourcecode.c.h; path = ExhaustiveSearcher.h; sourceTree = "<group>"; };
		AA90A5852200EB9D00242D3D /* ProgressTracker.cpp */ = {isa = PBXFileReference; fileEncoding = 4; lastKnownFileType = sourcecode.cpp.cpp; path = ProgressTracker.cpp; sourceTree = "<group>"; };
		AA90A5862200EB9D00242D3D /* ProgressTracker.h */ = {isa = PBXFileReference; fileEncoding = 4; lastKnownFileType = sourcecode.c.h; path = ProgressTracker.h; sourceTree = "<group>"; };
		AA90A5882201052900242D3D /* Utils.cpp */ = {isa = PBXFileReference; fileEncoding = 4; lastKnownFileType = sourcecode.cpp.cpp; path = Utils.cpp; sourceTree = "<group>"; };
		AA90A5892201052900242D3D /* Utils.h */ = {isa = PBXFileReference; fileEncoding = 4; lastKnownFileType = sourcecode.c.h; path = Utils.h; sourceTree = "<group>"; };
		AAD5C50C2211F7140057EDBC /* SearchOrchestrator.cpp */ = {isa = PBXFileReference; fileEncoding = 4; lastKnownFileType = sourcecode.cpp.cpp; path = SearchOrchestrator.cpp; sourceTree = "<group>"; };
		AAD5C50D2211F7140057EDBC /* SearchOrchestrator.h */ = {isa = PBXFileReference; fileEncoding = 4; lastKnownFileType = sourcecode.c.h; path = SearchOrchestrator.h; sourceTree = "<group>"; };
		AAD5C510221200810057EDBC /* OrchestratedSearchTests.cpp */ = {isa = PBXFileReference; fileEncoding = 4; lastKnownFileType = sourcecode.cpp.cpp; path = OrchestratedSearchTests.cpp; sourceTree = "<group>"; };
/* End PBXFileReference section */

/* Begin PBXFrameworksBuildPhase section */
		AA1101F821F32120005C67CF /* Frameworks */ = {
			isa = PBXFrameworksBuildPhase;
			buildActionMask = 2147483647;
			files = (
			);
			runOnlyForDeploymentPostprocessing = 0;
		};
		AA28C091220738F800F7EC25 /* Frameworks */ = {
			isa = PBXFrameworksBuildPhase;
			buildActionMask = 2147483647;
			files = (
			);
			runOnlyForDeploymentPostprocessing = 0;
		};
/* End PBXFrameworksBuildPhase section */

/* Begin PBXGroup section */
		AA1101F221F32120005C67CF = {
			isa = PBXGroup;
			children = (
				AA1101FD21F32120005C67CF /* BusyBeaverFinder */,
				AA28C095220738F900F7EC25 /* Tests */,
				AA1101FC21F32120005C67CF /* Products */,
			);
			sourceTree = "<group>";
		};
		AA1101FC21F32120005C67CF /* Products */ = {
			isa = PBXGroup;
			children = (
				AA1101FB21F32120005C67CF /* BusyBeaverFinder */,
				AA28C094220738F800F7EC25 /* Tests */,
			);
			name = Products;
			sourceTree = "<group>";
		};
		AA1101FD21F32120005C67CF /* BusyBeaverFinder */ = {
			isa = PBXGroup;
			children = (
				AA4F4504224964210069FF36 /* HangDetection */,
				AA11020D21F4D35C005C67CF /* cxxopts.hpp */,
				AA11020521F32538005C67CF /* Types.h */,
				AA11020921F32671005C67CF /* Consts.h */,
				AA90A5882201052900242D3D /* Utils.cpp */,
				AA90A5892201052900242D3D /* Utils.h */,
				AA11020A21F327F4005C67CF /* Data.cpp */,
				AA11020B21F327F4005C67CF /* Data.h */,
				AA11020621F3258D005C67CF /* Program.h */,
				AA11020721F3261F005C67CF /* Program.cpp */,
				AA90A5852200EB9D00242D3D /* ProgressTracker.cpp */,
				AA90A5862200EB9D00242D3D /* ProgressTracker.h */,
				AA90A5822200E73400242D3D /* ExhaustiveSearcher.cpp */,
				AA90A5832200E73400242D3D /* ExhaustiveSearcher.h */,
				AAD5C50C2211F7140057EDBC /* SearchOrchestrator.cpp */,
				AAD5C50D2211F7140057EDBC /* SearchOrchestrator.h */,
				AA1101FE21F32120005C67CF /* main.cpp */,
				AA4F4505224967A00069FF36 /* ProgramBlock.cpp */,
				AA4F4506224967A00069FF36 /* ProgramBlock.h */,
				AA4F4509224ABF320069FF36 /* CompiledProgram.cpp */,
				AA4F450A224ABF320069FF36 /* CompiledProgram.h */,
			);
			path = BusyBeaverFinder;
			sourceTree = "<group>";
		};
		AA28C095220738F900F7EC25 /* Tests */ = {
			isa = PBXGroup;
			children = (
				AA28C09B2207393400F7EC25 /* catch.hpp */,
				AA28C096220738F900F7EC25 /* main.cpp */,
				AA28C09C2207398C00F7EC25 /* ExhaustiveSearchTests.cpp */,
				AAD5C510221200810057EDBC /* OrchestratedSearchTests.cpp */,
				AA4F44FE223E57A10069FF36 /* NoExitHangTests.cpp */,
				AA4F4502223E77350069FF36 /* PeriodicHangTests.cpp */,
				AA28C0A322073D2A00F7EC25 /* SweepHangTests.cpp */,
				AA4F4500223E76BB0069FF36 /* FailingHangTests.cpp */,
				AA28C0A52207428A00F7EC25 /* CompletionTests.cpp */,
				AA28C0A7220B84BD00F7EC25 /* PeriodDetectionTests.cpp */,
			);
			path = Tests;
			sourceTree = "<group>";
		};
		AA4F4504224964210069FF36 /* HangDetection */ = {
			isa = PBXGroup;
			children = (
				AA4F44E9223406030069FF36 /* HangDetector.h */,
				AA4F450D224EB8EE0069FF36 /* ExitFinder.cpp */,
				AA4F450E224EB8EE0069FF36 /* ExitFinder.h */,
				AA4F44EA2234079E0069FF36 /* PeriodicHangDetector.cpp */,
				AA4F44EB2234079E0069FF36 /* PeriodicHangDetector.h */,
				AA4F44F22235068E0069FF36 /* SweepHangDetector.cpp */,
				AA4F44F32235068E0069FF36 /* SweepHangDetector.h */,
				AA4F44EE2234262A0069FF36 /* RegularSweepHangDetector.cpp */,
				AA4F44EF2234262A0069FF36 /* RegularSweepHangDetector.h */,
				AA28C0A9220CBC3700F7EC25 /* CycleDetector.cpp */,
				AA28C0AA220CBC3700F7EC25 /* CycleDetector.h */,
				AA4F44F62236FA090069FF36 /* DeltaTracker.cpp */,
				AA4F44F72236FA090069FF36 /* DeltaTracker.h */,
				AA28C0AD220CCE2A00F7EC25 /* DataTracker.cpp */,
				AA28C0AE220CCE2A00F7EC25 /* DataTracker.h */,
				AA4F45112259E88B0069FF36 /* RunSummary.cpp */,
				AA4F45122259E88B0069FF36 /* RunSummary.h */,
			);
			name = HangDetection;
			sourceTree = "<group>";
		};
/* End PBXGroup section */

/* Begin PBXNativeTarget section */
		AA1101FA21F32120005C67CF /* BusyBeaverFinder */ = {
			isa = PBXNativeTarget;
			buildConfigurationList = AA11020221F32120005C67CF /* Build configuration list for PBXNativeTarget "BusyBeaverFinder" */;
			buildPhases = (
				AA1101F721F32120005C67CF /* Sources */,
				AA1101F821F32120005C67CF /* Frameworks */,
				AA1101F921F32120005C67CF /* CopyFiles */,
			);
			buildRules = (
			);
			dependencies = (
			);
			name = BusyBeaverFinder;
			productName = BusyBeaverFinder;
			productReference = AA1101FB21F32120005C67CF /* BusyBeaverFinder */;
			productType = "com.apple.product-type.tool";
		};
		AA28C093220738F800F7EC25 /* Tests */ = {
			isa = PBXNativeTarget;
			buildConfigurationList = AA28C09A220738F900F7EC25 /* Build configuration list for PBXNativeTarget "Tests" */;
			buildPhases = (
				AA28C090220738F800F7EC25 /* Sources */,
				AA28C091220738F800F7EC25 /* Frameworks */,
				AA28C092220738F800F7EC25 /* CopyFiles */,
			);
			buildRules = (
			);
			dependencies = (
			);
			name = Tests;
			productName = Tests;
			productReference = AA28C094220738F800F7EC25 /* Tests */;
			productType = "com.apple.product-type.tool";
		};
/* End PBXNativeTarget section */

/* Begin PBXProject section */
		AA1101F321F32120005C67CF /* Project object */ = {
			isa = PBXProject;
			attributes = {
				LastUpgradeCheck = 0800;
				ORGANIZATIONNAME = Erwin;
				TargetAttributes = {
					AA1101FA21F32120005C67CF = {
						CreatedOnToolsVersion = 8.0;
						ProvisioningStyle = Automatic;
					};
					AA28C093220738F800F7EC25 = {
						CreatedOnToolsVersion = 8.0;
						ProvisioningStyle = Automatic;
					};
				};
			};
			buildConfigurationList = AA1101F621F32120005C67CF /* Build configuration list for PBXProject "BusyBeaverFinder" */;
			compatibilityVersion = "Xcode 3.2";
			developmentRegion = English;
			hasScannedForEncodings = 0;
			knownRegions = (
				en,
			);
			mainGroup = AA1101F221F32120005C67CF;
			productRefGroup = AA1101FC21F32120005C67CF /* Products */;
			projectDirPath = "";
			projectRoot = "";
			targets = (
				AA1101FA21F32120005C67CF /* BusyBeaverFinder */,
				AA28C093220738F800F7EC25 /* Tests */,
			);
		};
/* End PBXProject section */

/* Begin PBXSourcesBuildPhase section */
		AA1101F721F32120005C67CF /* Sources */ = {
			isa = PBXSourcesBuildPhase;
			buildActionMask = 2147483647;
			files = (
				AA28C0AB220CBC3700F7EC25 /* CycleDetector.cpp in Sources */,
				AA4F4507224967A00069FF36 /* ProgramBlock.cpp in Sources */,
				AAD5C50E2211F7140057EDBC /* SearchOrchestrator.cpp in Sources */,
				AA4F44F02234262A0069FF36 /* RegularSweepHangDetector.cpp in Sources */,
				AA11020C21F327F4005C67CF /* Data.cpp in Sources */,
				AA90A58A2201052900242D3D /* Utils.cpp in Sources */,
				AA11020821F3261F005C67CF /* Program.cpp in Sources */,
				AA4F45132259E88B0069FF36 /* RunSummary.cpp in Sources */,
				AA90A5842200E73400242D3D /* ExhaustiveSearcher.cpp in Sources */,
				AA4F44EC2234079E0069FF36 /* PeriodicHangDetector.cpp in Sources */,
				AA4F450B224ABF320069FF36 /* CompiledProgram.cpp in Sources */,
				AA4F450F224EB8EE0069FF36 /* ExitFinder.cpp in Sources */,
				AA1101FF21F32120005C67CF /* main.cpp in Sources */,
				AA4F44F82236FA090069FF36 /* DeltaTracker.cpp in Sources */,
				AA28C0AF220CCE2A00F7EC25 /* DataTracker.cpp in Sources */,
				AA4F44F42235068E0069FF36 /* SweepHangDetector.cpp in Sources */,
				AA90A5872200EB9D00242D3D /* ProgressTracker.cpp in Sources */,
			);
			runOnlyForDeploymentPostprocessing = 0;
		};
		AA28C090220738F800F7EC25 /* Sources */ = {
			isa = PBXSourcesBuildPhase;
			buildActionMask = 2147483647;
			files = (
				AA4F4508224967A00069FF36 /* ProgramBlock.cpp in Sources */,
				AA28C0A122073A1500F7EC25 /* Program.cpp in Sources */,
				AA28C09D2207398C00F7EC25 /* ExhaustiveSearchTests.cpp in Sources */,
				AA28C0B0220CCE2A00F7EC25 /* DataTracker.cpp in Sources */,
				AA28C0A222073A1A00F7EC25 /* Utils.cpp in Sources */,
				AA28C09E22073A0600F7EC25 /* ProgressTracker.cpp in Sources */,
				AA4F4510224EB8EE0069FF36 /* ExitFinder.cpp in Sources */,
				AA28C0A8220B84BD00F7EC25 /* PeriodDetectionTests.cpp in Sources */,
				AA28C0AC220CC2A000F7EC25 /* CycleDetector.cpp in Sources */,
				AA4F450C224ABF320069FF36 /* CompiledProgram.cpp in Sources */,
				AA4F4503223E77350069FF36 /* PeriodicHangTests.cpp in Sources */,
				AA4F44FF223E57A10069FF36 /* NoExitHangTests.cpp in Sources */,
				AA4F45142259E88B0069FF36 /* RunSummary.cpp in Sources */,
				AA28C09F22073A0C00F7EC25 /* ExhaustiveSearcher.cpp in Sources */,
				AAD5C50F2211F7140057EDBC /* SearchOrchestrator.cpp in Sources */,
				AA4F4501223E76BB0069FF36 /* FailingHangTests.cpp in Sources */,
				AA4F44F12234262A0069FF36 /* RegularSweepHangDetector.cpp in Sources */,
				AA28C097220738F900F7EC25 /* main.cpp in Sources */,
				AA28C0A62207428A00F7EC25 /* CompletionTests.cpp in Sources */,
				AA4F44ED2234079E0069FF36 /* PeriodicHangDetector.cpp in Sources */,
				AA4F44F92236FA090069FF36 /* DeltaTracker.cpp in Sources */,
				AA4F44F52235068E0069FF36 /* SweepHangDetector.cpp in Sources */,
				AAD5C511221200810057EDBC /* OrchestratedSearchTests.cpp in Sources */,
				AA28C0A022073A0F00F7EC25 /* Data.cpp in Sources */,
				AA28C0A422073D2A00F7EC25 /* SweepHangTests.cpp in Sources */,
			);
			runOnlyForDeploymentPostprocessing = 0;
		};
/* End PBXSourcesBuildPhase section */

/* Begin XCBuildConfiguration section */
		AA11020021F32120005C67CF /* Debug */ = {
			isa = XCBuildConfiguration;
			buildSettings = {
				ALWAYS_SEARCH_USER_PATHS = NO;
				CLANG_ANALYZER_NONNULL = YES;
				CLANG_CXX_LANGUAGE_STANDARD = "gnu++0x";
				CLANG_CXX_LIBRARY = "libc++";
				CLANG_ENABLE_MODULES = YES;
				CLANG_ENABLE_OBJC_ARC = YES;
				CLANG_WARN_BOOL_CONVERSION = YES;
				CLANG_WARN_CONSTANT_CONVERSION = YES;
				CLANG_WARN_DIRECT_OBJC_ISA_USAGE = YES_ERROR;
				CLANG_WARN_DOCUMENTATION_COMMENTS = YES;
				CLANG_WARN_EMPTY_BODY = YES;
				CLANG_WARN_ENUM_CONVERSION = YES;
				CLANG_WARN_INFINITE_RECURSION = YES;
				CLANG_WARN_INT_CONVERSION = YES;
				CLANG_WARN_OBJC_ROOT_CLASS = YES_ERROR;
				CLANG_WARN_SUSPICIOUS_MOVES = YES;
				CLANG_WARN_UNREACHABLE_CODE = YES;
				CLANG_WARN__DUPLICATE_METHOD_MATCH = YES;
				CODE_SIGN_IDENTITY = "-";
				COPY_PHASE_STRIP = NO;
				DEBUG_INFORMATION_FORMAT = dwarf;
				ENABLE_STRICT_OBJC_MSGSEND = YES;
				ENABLE_TESTABILITY = YES;
				GCC_C_LANGUAGE_STANDARD = gnu99;
				GCC_DYNAMIC_NO_PIC = NO;
				GCC_NO_COMMON_BLOCKS = YES;
				GCC_OPTIMIZATION_LEVEL = 0;
				GCC_PREPROCESSOR_DEFINITIONS = (
					"DEBUG=1",
					"$(inherited)",
				);
				GCC_WARN_64_TO_32_BIT_CONVERSION = YES;
				GCC_WARN_ABOUT_RETURN_TYPE = YES_ERROR;
				GCC_WARN_UNDECLARED_SELECTOR = YES;
				GCC_WARN_UNINITIALIZED_AUTOS = YES_AGGRESSIVE;
				GCC_WARN_UNUSED_FUNCTION = YES;
				GCC_WARN_UNUSED_VARIABLE = YES;
				MACOSX_DEPLOYMENT_TARGET = 10.11;
				MTL_ENABLE_DEBUG_INFO = YES;
				ONLY_ACTIVE_ARCH = YES;
				SDKROOT = macosx;
			};
			name = Debug;
		};
		AA11020121F32120005C67CF /* Release */ = {
			isa = XCBuildConfiguration;
			buildSettings = {
				ALWAYS_SEARCH_USER_PATHS = NO;
				CLANG_ANALYZER_NONNULL = YES;
				CLANG_CXX_LANGUAGE_STANDARD = "gnu++0x";
				CLANG_CXX_LIBRARY = "libc++";
				CLANG_ENABLE_MODULES = YES;
				CLANG_ENABLE_OBJC_ARC = YES;
				CLANG_WARN_BOOL_CONVERSION = YES;
				CLANG_WARN_CONSTANT_CONVERSION = YES;
				CLANG_WARN_DIRECT_OBJC_ISA_USAGE = YES_ERROR;
				CLANG_WARN_DOCUMENTATION_COMMENTS = YES;
				CLANG_WARN_EMPTY_BODY = YES;
				CLANG_WARN_ENUM_CONVERSION = YES;
				CLANG_WARN_INFINITE_RECURSION = YES;
				CLANG_WARN_INT_CONVERSION = YES;
				CLANG_WARN_OBJC_ROOT_CLASS = YES_ERROR;
				CLANG_WARN_SUSPICIOUS_MOVES = YES;
				CLANG_WARN_UNREACHABLE_CODE = YES;
				CLANG_WARN__DUPLICATE_METHOD_MATCH = YES;
				CODE_SIGN_IDENTITY = "-";
				COPY_PHASE_STRIP = NO;
				DEBUG_INFORMATION_FORMAT = "dwarf-with-dsym";
				ENABLE_NS_ASSERTIONS = NO;
				ENABLE_STRICT_OBJC_MSGSEND = YES;
				GCC_C_LANGUAGE_STANDARD = gnu99;
				GCC_NO_COMMON_BLOCKS = YES;
				GCC_WARN_64_TO_32_BIT_CONVERSION = YES;
				GCC_WARN_ABOUT_RETURN_TYPE = YES_ERROR;
				GCC_WARN_UNDECLARED_SELECTOR = YES;
				GCC_WARN_UNINITIALIZED_AUTOS = YES_AGGRESSIVE;
				GCC_WARN_UNUSED_FUNCTION = YES;
				GCC_WARN_UNUSED_VARIABLE = YES;
				MACOSX_DEPLOYMENT_TARGET = 10.11;
				MTL_ENABLE_DEBUG_INFO = NO;
				SDKROOT = macosx;
			};
			name = Release;
		};
		AA11020321F32120005C67CF /* Debug */ = {
			isa = XCBuildConfiguration;
			buildSettings = {
				INSTALL_PATH = "$(LOCAL_APPS_DIR)";
				PRODUCT_NAME = "$(TARGET_NAME)";
			};
			name = Debug;
		};
		AA11020421F32120005C67CF /* Release */ = {
			isa = XCBuildConfiguration;
			buildSettings = {
				GCC_OPTIMIZATION_LEVEL = s;
				INSTALL_PATH = "$(LOCAL_APPS_DIR)";
				PRODUCT_NAME = "$(TARGET_NAME)";
			};
			name = Release;
		};
		AA28C098220738F900F7EC25 /* Debug */ = {
			isa = XCBuildConfiguration;
			buildSettings = {
				PRODUCT_NAME = "$(TARGET_NAME)";
			};
			name = Debug;
		};
		AA28C099220738F900F7EC25 /* Release */ = {
			isa = XCBuildConfiguration;
			buildSettings = {
				PRODUCT_NAME = "$(TARGET_NAME)";
			};
			name = Release;
		};
/* End XCBuildConfiguration section */

/* Begin XCConfigurationList section */
		AA1101F621F32120005C67CF /* Build configuration list for PBXProject "BusyBeaverFinder" */ = {
			isa = XCConfigurationList;
			buildConfigurations = (
				AA11020021F32120005C67CF /* Debug */,
				AA11020121F32120005C67CF /* Release */,
			);
			defaultConfigurationIsVisible = 0;
			defaultConfigurationName = Release;
		};
		AA11020221F32120005C67CF /* Build configuration list for PBXNativeTarget "BusyBeaverFinder" */ = {
			isa = XCConfigurationList;
			buildConfigurations = (
				AA11020321F32120005C67CF /* Debug */,
				AA11020421F32120005C67CF /* Release */,
			);
			defaultConfigurationIsVisible = 0;
			defaultConfigurationName = Release;
		};
		AA28C09A220738F900F7EC25 /* Build configuration list for PBXNativeTarget "Tests" */ = {
			isa = XCConfigurationList;
			buildConfigurations = (
				AA28C098220738F900F7EC25 /* Debug */,
				AA28C099220738F900F7EC25 /* Release */,
			);
			defaultConfigurationIsVisible = 0;
			defaultConfigurationName = Release;
		};
/* End XCConfigurationList section */
	};
	rootObject = AA1101F321F32120005C67CF /* Project object */;
}
